github.com/micutio/goptional v0.0.0-20220828164448-97a639612bb1 h1:Es7PTdH4hWX+yfjjCEensdzdVufxUt6iU/ipgXjEGII=
github.com/micutio/goptional v0.0.0-20220828164448-97a639612bb1/go.mod h1:NVRk8/MaoB4b4Tu+YADH6PvkMWrBAk1CMw5QnRYepEc=
github.com/tidwall/btree v1.7.0 h1:L1fkJH/AuEh5zBnnBbmTwQ5Lt+bRJ5A8EWecslvo9iI=
github.com/tidwall/btree v1.7.0/go.mod h1:twD9XRA5jj9VUQGELzDO4HPQTNJsoWWfYEL+EUQ2cKY=
